{
  "name": "turborepo-basic-shared",
  "version": "0.0.0",
  "lockfileVersion": 1,
  "requires": true,
  "dependencies": {
    "prettier": {
      "version": "2.6.0",
      "resolved": "https://registry.npmjs.org/prettier/-/prettier-2.6.0.tgz",
      "integrity": "sha512-m2FgJibYrBGGgQXNzfd0PuDGShJgRavjUoRCw1mZERIWVSXF0iLzLm+aOqTAbLnC3n6JzUhAA8uZnFVghHJ86A==",
      "dev": true
    },
    "turbo": {
      "version": "1.1.9",
      "resolved": "https://registry.npmjs.org/turbo/-/turbo-1.1.9.tgz",
      "integrity": "sha512-xFtKZ9EFEkENhRxn89RQWmgMKCnUvKWPwiOXz60ztp4HEKXAdOBgEmgCOhyn5osfgQYOiaOI6gBIjSf/UMorQQ==",
      "dev": true,
      "requires": {
        "turbo-darwin-64": "1.1.9",
        "turbo-darwin-arm64": "1.1.9",
        "turbo-freebsd-64": "1.1.9",
        "turbo-freebsd-arm64": "1.1.9",
        "turbo-linux-32": "1.1.9",
        "turbo-linux-64": "1.1.9",
        "turbo-linux-arm": "1.1.9",
        "turbo-linux-arm64": "1.1.9",
        "turbo-linux-mips64le": "1.1.9",
        "turbo-linux-ppc64le": "1.1.9",
        "turbo-windows-32": "1.1.9",
        "turbo-windows-64": "1.1.9"
      }
    },
    "turbo-darwin-64": {
      "version": "1.1.9",
      "resolved": "https://registry.npmjs.org/turbo-darwin-64/-/turbo-darwin-64-1.1.9.tgz",
      "integrity": "sha512-DAeQkBXvIVMwdlT/OvJYKNbhijUJQr4ug/sLJpNMEMPVW2Fs1aVZpr+ea4W+Xo90nOk+Ac0oCbv4nx3v8UZ1iQ==",
      "dev": true,
      "optional": true
    },
    "turbo-darwin-arm64": {
      "version": "1.1.9",
      "resolved": "https://registry.npmjs.org/turbo-darwin-arm64/-/turbo-darwin-arm64-1.1.9.tgz",
      "integrity": "sha512-15WTOOngcUALX1Pso6tG/vot8ksi1l5/Sljv4sXjfpFup9Xkc2m6AE6QlKllextL10SD4x52K2z01ClV7YIKEQ==",
      "dev": true,
      "optional": true
    },
    "turbo-freebsd-64": {
      "version": "1.1.9",
      "resolved": "https://registry.npmjs.org/turbo-freebsd-64/-/turbo-freebsd-64-1.1.9.tgz",
      "integrity": "sha512-DqDt4o79guYef7MlYQChHMOMxJNbvE+SVuBP0+CxG4WreSUnsT+D4+/+KBs9e/o2p1xHRoDOtuKbDai8tWgKaQ==",
      "dev": true,
      "optional": true
    },
    "turbo-freebsd-arm64": {
      "version": "1.1.9",
      "resolved": "https://registry.npmjs.org/turbo-freebsd-arm64/-/turbo-freebsd-arm64-1.1.9.tgz",
      "integrity": "sha512-tiudLNRsOmmWD9guqWEoW63x3F0YKtkQis0DRrFqJBVcnMDfKYtMWIr6kP7DhK9PxKwnJY4Y1WIawXPIWl66EQ==",
      "dev": true,
      "optional": true
    },
    "turbo-linux-32": {
      "version": "1.1.9",
      "resolved": "https://registry.npmjs.org/turbo-linux-32/-/turbo-linux-32-1.1.9.tgz",
      "integrity": "sha512-u0VI41gqxRqGR41+nVmWvNZ6d2AS/KYfrfDeFbw8mRVsuAR2OP6emsbt7cUN++0ZzH9qsRgGcBR/k2Ge/EEx5g==",
      "dev": true,
      "optional": true
    },
    "turbo-linux-64": {
      "version": "1.1.9",
      "resolved": "https://registry.npmjs.org/turbo-linux-64/-/turbo-linux-64-1.1.9.tgz",
      "integrity": "sha512-BU3ulyNivyrDwGVA2NnMcqUH9o4njk59DgantoF7rRSWNeyt5abneOG7CVAdaAy03JIc1gzErjVV+QSQ25H9ug==",
      "dev": true,
      "optional": true
    },
    "turbo-linux-arm": {
      "version": "1.1.9",
      "resolved": "https://registry.npmjs.org/turbo-linux-arm/-/turbo-linux-arm-1.1.9.tgz",
      "integrity": "sha512-sAI2BqkipyvH6fQhhnOGhY9C9z9AMUdTizOm0Luj6gmEMZhUmjfk5K8BsX3uKzY6cWx5+twaTPXFd1EGV/o7Pg==",
      "dev": true,
      "optional": true
    },
    "turbo-linux-arm64": {
      "version": "1.1.9",
      "resolved": "https://registry.npmjs.org/turbo-linux-arm64/-/turbo-linux-arm64-1.1.9.tgz",
      "integrity": "sha512-bVD+8n8qDDlZxG6Z8rn58m50BjczIV4zCgjDQDIN2E6H9FjWuLOpKXk3mdTgM31w1Om8HYZgkbvla/jQSwWHrQ==",
      "dev": true,
      "optional": true
    },
    "turbo-linux-mips64le": {
      "version": "1.1.9",
      "resolved": "https://registry.npmjs.org/turbo-linux-mips64le/-/turbo-linux-mips64le-1.1.9.tgz",
      "integrity": "sha512-/34pGwWKRes3FYAUpZn+s8rKIbi76ZHuGxvXWx7clIfmLwNw1dN04c7cXU/t2PwDv4CzsGkqPgVNMGitnLxeUQ==",
      "dev": true,
      "optional": true
    },
    "turbo-linux-ppc64le": {
      "version": "1.1.9",
      "resolved": "https://registry.npmjs.org/turbo-linux-ppc64le/-/turbo-linux-ppc64le-1.1.9.tgz",
      "integrity": "sha512-5yR59wLf+HTV2Zb7ycPHXloTgYql22F4lhL6H7cWBVmbDFzrWR3N1d/sPaNLHtaDEE4l6UtTOFd/WQCfPDq/Hw==",
      "dev": true,
      "optional": true
    },
    "turbo-windows-32": {
      "version": "1.1.9",
      "resolved": "https://registry.npmjs.org/turbo-windows-32/-/turbo-windows-32-1.1.9.tgz",
      "integrity": "sha512-dVwjFWg/SsW+pVk1iOnfovXSzsMsIgiEQvkAEnN3+XNEkjtYhLQ73bntZhP/mO4IKpDEkPoBcOlV/092uwadOg==",
      "dev": true,
      "optional": true
    },
    "turbo-windows-64": {
      "version": "1.1.9",
      "resolved": "https://registry.npmjs.org/turbo-windows-64/-/turbo-windows-64-1.1.9.tgz",
      "integrity": "sha512-fzjO2D9lzhrBNjnuqaFTBpRU9DjYMhhgFgvD3ynwNWiBgm4wcer58DpRMDEzjq51Q+0HwFIrsKzEMyVK4Ubu/Q==",
      "dev": true,
      "optional": true
    }
  }
}
